
Microsoft Visual Studio Solution File, Format Version 12.00
# Visual Studio Version 17
VisualStudioVersion = 17.4.33110.190
MinimumVisualStudioVersion = 10.0.40219.1
Project("{FAE04EC0-301F-11D3-BF4B-00C04F79EFBC}") = "vetor2", "vetor2\vetor2.csproj", "{2050D19C-33D5-475C-9FA1-8EE16D9F97F6}"
EndProject
Global
	GlobalSection(SolutionConfigurationPlatforms) = preSolution
		Debug|Any CPU = Debug|Any CPU
		Release|Any CPU = Release|Any CPU
	EndGlobalSection
	GlobalSection(ProjectConfigurationPlatforms) = postSolution
		{2050D19C-33D5-475C-9FA1-8EE16D9F97F6}.Debug|Any CPU.ActiveCfg = Debug|Any CPU
		{2050D19C-33D5-475C-9FA1-8EE16D9F97F6}.Debug|Any CPU.Build.0 = Debug|Any CPU
		{2050D19C-33D5-475C-9FA1-8EE16D9F97F6}.Release|Any CPU.ActiveCfg = Release|Any CPU
		{2050D19C-33D5-475C-9FA1-8EE16D9F97F6}.Release|Any CPU.Build.0 = Release|Any CPU
	EndGlobalSection
	GlobalSection(SolutionProperties) = preSolution
		HideSolutionNode = FALSE
	EndGlobalSection
	GlobalSection(ExtensibilityGlobals) = postSolution
		SolutionGuid = {B4C3C893-41F1-4740-B8BE-EA683E11518A}
	EndGlobalSection
EndGlobal
